
Microsoft Visual Studio Solution File, Format Version 12.00
# Visual Studio 15
VisualStudioVersion = 15.0.27703.2018
MinimumVisualStudioVersion = 10.0.40219.1
Project("{8BC9CEB8-8B4A-11D0-8D11-00A0C91BC942}") = "ex_1", "ex_1\ex_1.vcxproj", "{03439A88-73EF-4DB7-80FE-C6CD9B941D0B}"
EndProject
Global
	GlobalSection(SolutionConfigurationPlatforms) = preSolution
		Debug|x64 = Debug|x64
		Debug|x86 = Debug|x86
		Release|x64 = Release|x64
		Release|x86 = Release|x86
	EndGlobalSection
	GlobalSection(ProjectConfigurationPlatforms) = postSolution
		{03439A88-73EF-4DB7-80FE-C6CD9B941D0B}.Debug|x64.ActiveCfg = Debug|x64
		{03439A88-73EF-4DB7-80FE-C6CD9B941D0B}.Debug|x64.Build.0 = Debug|x64
		{03439A88-73EF-4DB7-80FE-C6CD9B941D0B}.Debug|x86.ActiveCfg = Debug|Win32
		{03439A88-73EF-4DB7-80FE-C6CD9B941D0B}.Debug|x86.Build.0 = Debug|Win32
		{03439A88-73EF-4DB7-80FE-C6CD9B941D0B}.Release|x64.ActiveCfg = Release|x64
		{03439A88-73EF-4DB7-80FE-C6CD9B941D0B}.Release|x64.Build.0 = Release|x64
		{03439A88-73EF-4DB7-80FE-C6CD9B941D0B}.Release|x86.ActiveCfg = Release|Win32
		{03439A88-73EF-4DB7-80FE-C6CD9B941D0B}.Release|x86.Build.0 = Release|Win32
	EndGlobalSection
	GlobalSection(SolutionProperties) = preSolution
		HideSolutionNode = FALSE
	EndGlobalSection
	GlobalSection(ExtensibilityGlobals) = postSolution
		SolutionGuid = {E5DB9605-7009-4EEB-A0C3-BA63859B0340}
	EndGlobalSection
EndGlobal
